lockfileVersion: '9.0'

settings:
  autoInstallPeers: true
  excludeLinksFromLockfile: false

importers:

  .:
    devDependencies:
      '@rescript/core':
        specifier: ^1.5.2
        version: 1.5.2(rescript@11.1.2)
      dprint:
        specifier: ^0.47.2
        version: 0.47.2
      rescript:
        specifier: ^11.1.2
        version: 11.1.2
      tsx:
        specifier: ^1.0.0
        version: 1.0.0

packages:

  '@dprint/darwin-arm64@0.47.2':
    resolution: {integrity: sha512-mVPFBJsXxGDKHHCAY8wbqOyS4028g1bN15H9tivCnPAjwaZhkUimZHXWejXADjhGn+Xm2SlakugY9PY/68pH3Q==}
    cpu: [arm64]
    os: [darwin]

  '@dprint/darwin-x64@0.47.2':
    resolution: {integrity: sha512-T7wzlc+rBV+6BRRiBjoqoy5Hj4TR2Nv2p2s9+ycyPGs10Kj/JXOWD8dnEHeBgUr2r4qe/ZdcxmsFQ5Hf2n0WuA==}
    cpu: [x64]
    os: [darwin]

  '@dprint/linux-arm64-glibc@0.47.2':
    resolution: {integrity: sha512-B0m1vT5LdVtrNOVdkqpLPrSxuCD+l5bTIgRzPaDoIB1ChWQkler9IlX8C+RStpujjPj6SYvwo5vTzjQSvRdQkA==}
    cpu: [arm64]
    os: [linux]

  '@dprint/linux-arm64-musl@0.47.2':
    resolution: {integrity: sha512-zID6wZZqpg2/Q2Us+ERQkbhLwlW3p3xaeEr00MPf49bpydmEjMiPuSjWPkNv+slQSIyIsVovOxF4lbNZjsdtvw==}
    cpu: [arm64]
    os: [linux]

  '@dprint/linux-x64-glibc@0.47.2':
    resolution: {integrity: sha512-rB3WXMdINnRd33DItIp7mObS7dzHW90ZzeJSsoKJLPp+Z7wXjjb27UUowfqVI4baa/1pd7sdbX54DPohMtfu/A==}
    cpu: [x64]
    os: [linux]

  '@dprint/linux-x64-musl@0.47.2':
    resolution: {integrity: sha512-E0+TNbzYdTXJ/jCVjUctVxkda/faw++aDQLfyWGcmdMJnbM7NZz+W4fUpDXzMPsjy+zTWxXcPK7/q2DZz2gnbg==}
    cpu: [x64]
    os: [linux]

  '@dprint/win32-arm64@0.47.2':
    resolution: {integrity: sha512-K1EieTCFjfOCmyIhw9zFSduE6qVCNHEveupqZEfbSkVGw5T9MJQ1I9+n7MDb3RIDYEUk0enJ58/w82q8oDKCyA==}
    cpu: [arm64]
    os: [win32]

  '@dprint/win32-x64@0.47.2':
    resolution: {integrity: sha512-LhizWr8VrhHvq4ump8HwOERyFmdLiE8C6A42QSntGXzKdaa2nEOq20x/o56ZIiDcesiV+1TmosMKimPcOZHa+Q==}
    cpu: [x64]
    os: [win32]

  '@rescript/core@1.5.2':
    resolution: {integrity: sha512-VWRFHrQu8hWnd9Y9LYZ8kig2urybhZlDVGy5u50bqf2WCRAeysBIfxK8eN4VlpQT38igMo0/uLX1KSpwCVMYGw==}
    peerDependencies:
      rescript: ^11.1.0-rc.7

  dprint@0.47.2:
    resolution: {integrity: sha512-geUcVIIrmLaY+YtuOl4gD7J/QCjsXZa5gUqre9sO6cgH0X/Fa9heBN3l/AWVII6rKPw45ATuCSDWz1pyO+HkPQ==}
    hasBin: true

  rescript@11.1.2:
    resolution: {integrity: sha512-sA4EgPoPbwGM/+R8xkZJzgr1gvnA1E/Gxjg6DXSG8csl8ttrSBMwHYK4FtGF0K9Ej5NRgsvIi7p/v/dtLB/cjg==}
    engines: {node: '>=10'}
    hasBin: true

  tsx@1.0.0:
    resolution: {integrity: sha512-Qwo1kYs446koq4FD86mgGjkqcQmtNOyqJ2Q8Ddaibs2ALbyFlSf/KjDNKNYqImvfpjCOmsO6gF9yQXMGlXmDBg==}

snapshots:

  '@dprint/darwin-arm64@0.47.2':
    optional: true

  '@dprint/darwin-x64@0.47.2':
    optional: true

  '@dprint/linux-arm64-glibc@0.47.2':
    optional: true

  '@dprint/linux-arm64-musl@0.47.2':
    optional: true

  '@dprint/linux-x64-glibc@0.47.2':
    optional: true

  '@dprint/linux-x64-musl@0.47.2':
    optional: true

  '@dprint/win32-arm64@0.47.2':
    optional: true

  '@dprint/win32-x64@0.47.2':
    optional: true

  '@rescript/core@1.5.2(rescript@11.1.2)':
    dependencies:
      rescript: 11.1.2

  dprint@0.47.2:
    optionalDependencies:
      '@dprint/darwin-arm64': 0.47.2
      '@dprint/darwin-x64': 0.47.2
      '@dprint/linux-arm64-glibc': 0.47.2
      '@dprint/linux-arm64-musl': 0.47.2
      '@dprint/linux-x64-glibc': 0.47.2
      '@dprint/linux-x64-musl': 0.47.2
      '@dprint/win32-arm64': 0.47.2
      '@dprint/win32-x64': 0.47.2

  rescript@11.1.2: {}

  tsx@1.0.0: {}
