lockfileVersion: '9.0'

settings:
  autoInstallPeers: true
  excludeLinksFromLockfile: false

importers:

  .:
    devDependencies:
      '@rescript/core':
        specifier: ^1.5.2
        version: 1.5.2(rescript@11.1.2)
      dprint:
        specifier: ^0.47.2
        version: 0.47.2
      rescript:
        specifier: ^11.1.2
        version: 11.1.2
      tsx:
        specifier: ^4.16.2
        version: 4.16.2

packages:

  '@dprint/darwin-arm64@0.47.2':
    resolution: {integrity: sha512-mVPFBJsXxGDKHHCAY8wbqOyS4028g1bN15H9tivCnPAjwaZhkUimZHXWejXADjhGn+Xm2SlakugY9PY/68pH3Q==, tarball: https://registry.npmjs.org/@dprint/darwin-arm64/-/darwin-arm64-0.47.2.tgz}
    cpu: [arm64]
    os: [darwin]

  '@dprint/darwin-x64@0.47.2':
    resolution: {integrity: sha512-T7wzlc+rBV+6BRRiBjoqoy5Hj4TR2Nv2p2s9+ycyPGs10Kj/JXOWD8dnEHeBgUr2r4qe/ZdcxmsFQ5Hf2n0WuA==, tarball: https://registry.npmjs.org/@dprint/darwin-x64/-/darwin-x64-0.47.2.tgz}
    cpu: [x64]
    os: [darwin]

  '@dprint/linux-arm64-glibc@0.47.2':
    resolution: {integrity: sha512-B0m1vT5LdVtrNOVdkqpLPrSxuCD+l5bTIgRzPaDoIB1ChWQkler9IlX8C+RStpujjPj6SYvwo5vTzjQSvRdQkA==, tarball: https://registry.npmjs.org/@dprint/linux-arm64-glibc/-/linux-arm64-glibc-0.47.2.tgz}
    cpu: [arm64]
    os: [linux]

  '@dprint/linux-arm64-musl@0.47.2':
    resolution: {integrity: sha512-zID6wZZqpg2/Q2Us+ERQkbhLwlW3p3xaeEr00MPf49bpydmEjMiPuSjWPkNv+slQSIyIsVovOxF4lbNZjsdtvw==, tarball: https://registry.npmjs.org/@dprint/linux-arm64-musl/-/linux-arm64-musl-0.47.2.tgz}
    cpu: [arm64]
    os: [linux]

  '@dprint/linux-x64-glibc@0.47.2':
    resolution: {integrity: sha512-rB3WXMdINnRd33DItIp7mObS7dzHW90ZzeJSsoKJLPp+Z7wXjjb27UUowfqVI4baa/1pd7sdbX54DPohMtfu/A==, tarball: https://registry.npmjs.org/@dprint/linux-x64-glibc/-/linux-x64-glibc-0.47.2.tgz}
    cpu: [x64]
    os: [linux]

  '@dprint/linux-x64-musl@0.47.2':
    resolution: {integrity: sha512-E0+TNbzYdTXJ/jCVjUctVxkda/faw++aDQLfyWGcmdMJnbM7NZz+W4fUpDXzMPsjy+zTWxXcPK7/q2DZz2gnbg==, tarball: https://registry.npmjs.org/@dprint/linux-x64-musl/-/linux-x64-musl-0.47.2.tgz}
    cpu: [x64]
    os: [linux]

  '@dprint/win32-arm64@0.47.2':
    resolution: {integrity: sha512-K1EieTCFjfOCmyIhw9zFSduE6qVCNHEveupqZEfbSkVGw5T9MJQ1I9+n7MDb3RIDYEUk0enJ58/w82q8oDKCyA==, tarball: https://registry.npmjs.org/@dprint/win32-arm64/-/win32-arm64-0.47.2.tgz}
    cpu: [arm64]
    os: [win32]

  '@dprint/win32-x64@0.47.2':
    resolution: {integrity: sha512-LhizWr8VrhHvq4ump8HwOERyFmdLiE8C6A42QSntGXzKdaa2nEOq20x/o56ZIiDcesiV+1TmosMKimPcOZHa+Q==, tarball: https://registry.npmjs.org/@dprint/win32-x64/-/win32-x64-0.47.2.tgz}
    cpu: [x64]
    os: [win32]

  '@esbuild/aix-ppc64@0.21.5':
    resolution: {integrity: sha512-1SDgH6ZSPTlggy1yI6+Dbkiz8xzpHJEVAlF/AM1tHPLsf5STom9rwtjE4hKAF20FfXXNTFqEYXyJNWh1GiZedQ==, tarball: https://registry.npmjs.org/@esbuild/aix-ppc64/-/aix-ppc64-0.21.5.tgz}
    engines: {node: '>=12'}
    cpu: [ppc64]
    os: [aix]

  '@esbuild/android-arm64@0.21.5':
    resolution: {integrity: sha512-c0uX9VAUBQ7dTDCjq+wdyGLowMdtR/GoC2U5IYk/7D1H1JYC0qseD7+11iMP2mRLN9RcCMRcjC4YMclCzGwS/A==, tarball: https://registry.npmjs.org/@esbuild/android-arm64/-/android-arm64-0.21.5.tgz}
    engines: {node: '>=12'}
    cpu: [arm64]
    os: [android]

  '@esbuild/android-arm@0.21.5':
    resolution: {integrity: sha512-vCPvzSjpPHEi1siZdlvAlsPxXl7WbOVUBBAowWug4rJHb68Ox8KualB+1ocNvT5fjv6wpkX6o/iEpbDrf68zcg==, tarball: https://registry.npmjs.org/@esbuild/android-arm/-/android-arm-0.21.5.tgz}
    engines: {node: '>=12'}
    cpu: [arm]
    os: [android]

  '@esbuild/android-x64@0.21.5':
    resolution: {integrity: sha512-D7aPRUUNHRBwHxzxRvp856rjUHRFW1SdQATKXH2hqA0kAZb1hKmi02OpYRacl0TxIGz/ZmXWlbZgjwWYaCakTA==, tarball: https://registry.npmjs.org/@esbuild/android-x64/-/android-x64-0.21.5.tgz}
    engines: {node: '>=12'}
    cpu: [x64]
    os: [android]

  '@esbuild/darwin-arm64@0.21.5':
    resolution: {integrity: sha512-DwqXqZyuk5AiWWf3UfLiRDJ5EDd49zg6O9wclZ7kUMv2WRFr4HKjXp/5t8JZ11QbQfUS6/cRCKGwYhtNAY88kQ==, tarball: https://registry.npmjs.org/@esbuild/darwin-arm64/-/darwin-arm64-0.21.5.tgz}
    engines: {node: '>=12'}
    cpu: [arm64]
    os: [darwin]

  '@esbuild/darwin-x64@0.21.5':
    resolution: {integrity: sha512-se/JjF8NlmKVG4kNIuyWMV/22ZaerB+qaSi5MdrXtd6R08kvs2qCN4C09miupktDitvh8jRFflwGFBQcxZRjbw==, tarball: https://registry.npmjs.org/@esbuild/darwin-x64/-/darwin-x64-0.21.5.tgz}
    engines: {node: '>=12'}
    cpu: [x64]
    os: [darwin]

  '@esbuild/freebsd-arm64@0.21.5':
    resolution: {integrity: sha512-5JcRxxRDUJLX8JXp/wcBCy3pENnCgBR9bN6JsY4OmhfUtIHe3ZW0mawA7+RDAcMLrMIZaf03NlQiX9DGyB8h4g==, tarball: https://registry.npmjs.org/@esbuild/freebsd-arm64/-/freebsd-arm64-0.21.5.tgz}
    engines: {node: '>=12'}
    cpu: [arm64]
    os: [freebsd]

  '@esbuild/freebsd-x64@0.21.5':
    resolution: {integrity: sha512-J95kNBj1zkbMXtHVH29bBriQygMXqoVQOQYA+ISs0/2l3T9/kj42ow2mpqerRBxDJnmkUDCaQT/dfNXWX/ZZCQ==, tarball: https://registry.npmjs.org/@esbuild/freebsd-x64/-/freebsd-x64-0.21.5.tgz}
    engines: {node: '>=12'}
    cpu: [x64]
    os: [freebsd]

  '@esbuild/linux-arm64@0.21.5':
    resolution: {integrity: sha512-ibKvmyYzKsBeX8d8I7MH/TMfWDXBF3db4qM6sy+7re0YXya+K1cem3on9XgdT2EQGMu4hQyZhan7TeQ8XkGp4Q==, tarball: https://registry.npmjs.org/@esbuild/linux-arm64/-/linux-arm64-0.21.5.tgz}
    engines: {node: '>=12'}
    cpu: [arm64]
    os: [linux]

  '@esbuild/linux-arm@0.21.5':
    resolution: {integrity: sha512-bPb5AHZtbeNGjCKVZ9UGqGwo8EUu4cLq68E95A53KlxAPRmUyYv2D6F0uUI65XisGOL1hBP5mTronbgo+0bFcA==, tarball: https://registry.npmjs.org/@esbuild/linux-arm/-/linux-arm-0.21.5.tgz}
    engines: {node: '>=12'}
    cpu: [arm]
    os: [linux]

  '@esbuild/linux-ia32@0.21.5':
    resolution: {integrity: sha512-YvjXDqLRqPDl2dvRODYmmhz4rPeVKYvppfGYKSNGdyZkA01046pLWyRKKI3ax8fbJoK5QbxblURkwK/MWY18Tg==, tarball: https://registry.npmjs.org/@esbuild/linux-ia32/-/linux-ia32-0.21.5.tgz}
    engines: {node: '>=12'}
    cpu: [ia32]
    os: [linux]

  '@esbuild/linux-loong64@0.21.5':
    resolution: {integrity: sha512-uHf1BmMG8qEvzdrzAqg2SIG/02+4/DHB6a9Kbya0XDvwDEKCoC8ZRWI5JJvNdUjtciBGFQ5PuBlpEOXQj+JQSg==, tarball: https://registry.npmjs.org/@esbuild/linux-loong64/-/linux-loong64-0.21.5.tgz}
    engines: {node: '>=12'}
    cpu: [loong64]
    os: [linux]

  '@esbuild/linux-mips64el@0.21.5':
    resolution: {integrity: sha512-IajOmO+KJK23bj52dFSNCMsz1QP1DqM6cwLUv3W1QwyxkyIWecfafnI555fvSGqEKwjMXVLokcV5ygHW5b3Jbg==, tarball: https://registry.npmjs.org/@esbuild/linux-mips64el/-/linux-mips64el-0.21.5.tgz}
    engines: {node: '>=12'}
    cpu: [mips64el]
    os: [linux]

  '@esbuild/linux-ppc64@0.21.5':
    resolution: {integrity: sha512-1hHV/Z4OEfMwpLO8rp7CvlhBDnjsC3CttJXIhBi+5Aj5r+MBvy4egg7wCbe//hSsT+RvDAG7s81tAvpL2XAE4w==, tarball: https://registry.npmjs.org/@esbuild/linux-ppc64/-/linux-ppc64-0.21.5.tgz}
    engines: {node: '>=12'}
    cpu: [ppc64]
    os: [linux]

  '@esbuild/linux-riscv64@0.21.5':
    resolution: {integrity: sha512-2HdXDMd9GMgTGrPWnJzP2ALSokE/0O5HhTUvWIbD3YdjME8JwvSCnNGBnTThKGEB91OZhzrJ4qIIxk/SBmyDDA==, tarball: https://registry.npmjs.org/@esbuild/linux-riscv64/-/linux-riscv64-0.21.5.tgz}
    engines: {node: '>=12'}
    cpu: [riscv64]
    os: [linux]

  '@esbuild/linux-s390x@0.21.5':
    resolution: {integrity: sha512-zus5sxzqBJD3eXxwvjN1yQkRepANgxE9lgOW2qLnmr8ikMTphkjgXu1HR01K4FJg8h1kEEDAqDcZQtbrRnB41A==, tarball: https://registry.npmjs.org/@esbuild/linux-s390x/-/linux-s390x-0.21.5.tgz}
    engines: {node: '>=12'}
    cpu: [s390x]
    os: [linux]

  '@esbuild/linux-x64@0.21.5':
    resolution: {integrity: sha512-1rYdTpyv03iycF1+BhzrzQJCdOuAOtaqHTWJZCWvijKD2N5Xu0TtVC8/+1faWqcP9iBCWOmjmhoH94dH82BxPQ==, tarball: https://registry.npmjs.org/@esbuild/linux-x64/-/linux-x64-0.21.5.tgz}
    engines: {node: '>=12'}
    cpu: [x64]
    os: [linux]

  '@esbuild/netbsd-x64@0.21.5':
    resolution: {integrity: sha512-Woi2MXzXjMULccIwMnLciyZH4nCIMpWQAs049KEeMvOcNADVxo0UBIQPfSmxB3CWKedngg7sWZdLvLczpe0tLg==, tarball: https://registry.npmjs.org/@esbuild/netbsd-x64/-/netbsd-x64-0.21.5.tgz}
    engines: {node: '>=12'}
    cpu: [x64]
    os: [netbsd]

  '@esbuild/openbsd-x64@0.21.5':
    resolution: {integrity: sha512-HLNNw99xsvx12lFBUwoT8EVCsSvRNDVxNpjZ7bPn947b8gJPzeHWyNVhFsaerc0n3TsbOINvRP2byTZ5LKezow==, tarball: https://registry.npmjs.org/@esbuild/openbsd-x64/-/openbsd-x64-0.21.5.tgz}
    engines: {node: '>=12'}
    cpu: [x64]
    os: [openbsd]

  '@esbuild/sunos-x64@0.21.5':
    resolution: {integrity: sha512-6+gjmFpfy0BHU5Tpptkuh8+uw3mnrvgs+dSPQXQOv3ekbordwnzTVEb4qnIvQcYXq6gzkyTnoZ9dZG+D4garKg==, tarball: https://registry.npmjs.org/@esbuild/sunos-x64/-/sunos-x64-0.21.5.tgz}
    engines: {node: '>=12'}
    cpu: [x64]
    os: [sunos]

  '@esbuild/win32-arm64@0.21.5':
    resolution: {integrity: sha512-Z0gOTd75VvXqyq7nsl93zwahcTROgqvuAcYDUr+vOv8uHhNSKROyU961kgtCD1e95IqPKSQKH7tBTslnS3tA8A==, tarball: https://registry.npmjs.org/@esbuild/win32-arm64/-/win32-arm64-0.21.5.tgz}
    engines: {node: '>=12'}
    cpu: [arm64]
    os: [win32]

  '@esbuild/win32-ia32@0.21.5':
    resolution: {integrity: sha512-SWXFF1CL2RVNMaVs+BBClwtfZSvDgtL//G/smwAc5oVK/UPu2Gu9tIaRgFmYFFKrmg3SyAjSrElf0TiJ1v8fYA==, tarball: https://registry.npmjs.org/@esbuild/win32-ia32/-/win32-ia32-0.21.5.tgz}
    engines: {node: '>=12'}
    cpu: [ia32]
    os: [win32]

  '@esbuild/win32-x64@0.21.5':
    resolution: {integrity: sha512-tQd/1efJuzPC6rCFwEvLtci/xNFcTZknmXs98FYDfGE4wP9ClFV98nyKrzJKVPMhdDnjzLhdUyMX4PsQAPjwIw==, tarball: https://registry.npmjs.org/@esbuild/win32-x64/-/win32-x64-0.21.5.tgz}
    engines: {node: '>=12'}
    cpu: [x64]
    os: [win32]

  '@rescript/core@1.5.2':
    resolution: {integrity: sha512-VWRFHrQu8hWnd9Y9LYZ8kig2urybhZlDVGy5u50bqf2WCRAeysBIfxK8eN4VlpQT38igMo0/uLX1KSpwCVMYGw==}
    peerDependencies:
      rescript: ^11.1.0-rc.7

  dprint@0.47.2:
    resolution: {integrity: sha512-geUcVIIrmLaY+YtuOl4gD7J/QCjsXZa5gUqre9sO6cgH0X/Fa9heBN3l/AWVII6rKPw45ATuCSDWz1pyO+HkPQ==}
    hasBin: true

  esbuild@0.21.5:
    resolution: {integrity: sha512-mg3OPMV4hXywwpoDxu3Qda5xCKQi+vCTZq8S9J/EpkhB2HzKXq4SNFZE3+NK93JYxc8VMSep+lOUSC/RVKaBqw==, tarball: https://registry.npmjs.org/esbuild/-/esbuild-0.21.5.tgz}
    engines: {node: '>=12'}
    hasBin: true

  fsevents@2.3.3:
    resolution: {integrity: sha512-5xoDfX+fL7faATnagmWPpbFtwh/R77WmMMqqHGS65C3vvB0YHrgF+B1YmZ3441tMj5n63k0212XNoJwzlhffQw==, tarball: https://registry.npmjs.org/fsevents/-/fsevents-2.3.3.tgz}
    engines: {node: ^8.16.0 || ^10.6.0 || >=11.0.0}
    os: [darwin]

  get-tsconfig@4.7.6:
    resolution: {integrity: sha512-ZAqrLlu18NbDdRaHq+AKXzAmqIUPswPWKUchfytdAjiRFnCe5ojG2bstg6mRiZabkKfCoL/e98pbBELIV/YCeA==, tarball: https://registry.npmjs.org/get-tsconfig/-/get-tsconfig-4.7.6.tgz}

  rescript@11.1.2:
    resolution: {integrity: sha512-sA4EgPoPbwGM/+R8xkZJzgr1gvnA1E/Gxjg6DXSG8csl8ttrSBMwHYK4FtGF0K9Ej5NRgsvIi7p/v/dtLB/cjg==}
    engines: {node: '>=10'}
    hasBin: true

  resolve-pkg-maps@1.0.0:
    resolution: {integrity: sha512-seS2Tj26TBVOC2NIc2rOe2y2ZO7efxITtLZcGSOnHHNOQ7CkiUBfw0Iw2ck6xkIhPwLhKNLS8BO+hEpngQlqzw==, tarball: https://registry.npmjs.org/resolve-pkg-maps/-/resolve-pkg-maps-1.0.0.tgz}

  tsx@4.16.2:
    resolution: {integrity: sha512-C1uWweJDgdtX2x600HjaFaucXTilT7tgUZHbOE4+ypskZ1OP8CRCSDkCxG6Vya9EwaFIVagWwpaVAn5wzypaqQ==, tarball: https://registry.npmjs.org/tsx/-/tsx-4.16.2.tgz}
    engines: {node: '>=18.0.0'}
    hasBin: true

snapshots:

  '@dprint/darwin-arm64@0.47.2':
    optional: true

  '@dprint/darwin-x64@0.47.2':
    optional: true

  '@dprint/linux-arm64-glibc@0.47.2':
    optional: true

  '@dprint/linux-arm64-musl@0.47.2':
    optional: true

  '@dprint/linux-x64-glibc@0.47.2':
    optional: true

  '@dprint/linux-x64-musl@0.47.2':
    optional: true

  '@dprint/win32-arm64@0.47.2':
    optional: true

  '@dprint/win32-x64@0.47.2':
    optional: true

  '@esbuild/aix-ppc64@0.21.5':
    optional: true

  '@esbuild/android-arm64@0.21.5':
    optional: true

  '@esbuild/android-arm@0.21.5':
    optional: true

  '@esbuild/android-x64@0.21.5':
    optional: true

  '@esbuild/darwin-arm64@0.21.5':
    optional: true

  '@esbuild/darwin-x64@0.21.5':
    optional: true

  '@esbuild/freebsd-arm64@0.21.5':
    optional: true

  '@esbuild/freebsd-x64@0.21.5':
    optional: true

  '@esbuild/linux-arm64@0.21.5':
    optional: true

  '@esbuild/linux-arm@0.21.5':
    optional: true

  '@esbuild/linux-ia32@0.21.5':
    optional: true

  '@esbuild/linux-loong64@0.21.5':
    optional: true

  '@esbuild/linux-mips64el@0.21.5':
    optional: true

  '@esbuild/linux-ppc64@0.21.5':
    optional: true

  '@esbuild/linux-riscv64@0.21.5':
    optional: true

  '@esbuild/linux-s390x@0.21.5':
    optional: true

  '@esbuild/linux-x64@0.21.5':
    optional: true

  '@esbuild/netbsd-x64@0.21.5':
    optional: true

  '@esbuild/openbsd-x64@0.21.5':
    optional: true

  '@esbuild/sunos-x64@0.21.5':
    optional: true

  '@esbuild/win32-arm64@0.21.5':
    optional: true

  '@esbuild/win32-ia32@0.21.5':
    optional: true

  '@esbuild/win32-x64@0.21.5':
    optional: true

  '@rescript/core@1.5.2(rescript@11.1.2)':
    dependencies:
      rescript: 11.1.2

  dprint@0.47.2:
    optionalDependencies:
      '@dprint/darwin-arm64': 0.47.2
      '@dprint/darwin-x64': 0.47.2
      '@dprint/linux-arm64-glibc': 0.47.2
      '@dprint/linux-arm64-musl': 0.47.2
      '@dprint/linux-x64-glibc': 0.47.2
      '@dprint/linux-x64-musl': 0.47.2
      '@dprint/win32-arm64': 0.47.2
      '@dprint/win32-x64': 0.47.2

  esbuild@0.21.5:
    optionalDependencies:
      '@esbuild/aix-ppc64': 0.21.5
      '@esbuild/android-arm': 0.21.5
      '@esbuild/android-arm64': 0.21.5
      '@esbuild/android-x64': 0.21.5
      '@esbuild/darwin-arm64': 0.21.5
      '@esbuild/darwin-x64': 0.21.5
      '@esbuild/freebsd-arm64': 0.21.5
      '@esbuild/freebsd-x64': 0.21.5
      '@esbuild/linux-arm': 0.21.5
      '@esbuild/linux-arm64': 0.21.5
      '@esbuild/linux-ia32': 0.21.5
      '@esbuild/linux-loong64': 0.21.5
      '@esbuild/linux-mips64el': 0.21.5
      '@esbuild/linux-ppc64': 0.21.5
      '@esbuild/linux-riscv64': 0.21.5
      '@esbuild/linux-s390x': 0.21.5
      '@esbuild/linux-x64': 0.21.5
      '@esbuild/netbsd-x64': 0.21.5
      '@esbuild/openbsd-x64': 0.21.5
      '@esbuild/sunos-x64': 0.21.5
      '@esbuild/win32-arm64': 0.21.5
      '@esbuild/win32-ia32': 0.21.5
      '@esbuild/win32-x64': 0.21.5

  fsevents@2.3.3:
    optional: true

  get-tsconfig@4.7.6:
    dependencies:
      resolve-pkg-maps: 1.0.0

  rescript@11.1.2: {}

  resolve-pkg-maps@1.0.0: {}

  tsx@4.16.2:
    dependencies:
      esbuild: 0.21.5
      get-tsconfig: 4.7.6
    optionalDependencies:
      fsevents: 2.3.3
